# This file is autogenerated, do not edit; changes may be undone by the next 'dep ensure'.


[[projects]]
  digest = "1:0deddd908b6b4b768cfc272c16ee61e7088a60f7fe2f06c547bd3d8e1f8b8e77"
  name = "github.com/davecgh/go-spew"
  packages = ["spew"]
  pruneopts = ""
  revision = "8991bc29aa16c548c550c7ff78260e27b9ab7c73"
  version = "v1.1.1"

[[projects]]
  digest = "1:d395f805a6db56e6adadcaec4dc64593d73ce6e154b2ae44e26b5ae096d7cdc9"
  name = "github.com/fatih/color"
  packages = ["."]
  pruneopts = ""
  revision = "bc2269661d49c6c9d0e514eef49710556883f3fa"
  version = "v1.10.0"

[[projects]]
  branch = "master"
  digest = "1:6532affeeaaccdc6919d5773516176b77de02b4af8cf9a7fac16bae77aa319c5"
  name = "github.com/golang/protobuf"
  packages = [
    "proto",
    "ptypes",
    "ptypes/any",
    "ptypes/duration",
    "ptypes/timestamp",
  ]
  pruneopts = ""
  revision = "4846b58453b3708320bdb524f25cc5a1d9cda4d4"

[[projects]]
  branch = "renderer"
  digest = "1:73460e6eaa31824af444a895e5858175883c73b88acc8df767a115b78b578ddb"
  name = "github.com/grafana/grafana_plugin_model"
  packages = ["go/datasource"]
  pruneopts = ""
  revision = "84176c64269d8060f99e750ee8aba6f062753336"

[[projects]]
  digest = "1:1d3927361529fac92d13b73b27abe8173fc56a09df4cef9847d156c3918f6150"
  name = "github.com/hashicorp/go-hclog"
  packages = ["."]
  pruneopts = ""
  revision = "e59fd7e1110848012d4335fcd0d3bb88e0cdf9e7"
  version = "v0.15.0"

[[projects]]
  digest = "1:de20979176f5f326a028fd0d3698f4ec18f6921b46c9d68a35200355c6e8e6b9"
  name = "github.com/hashicorp/go-plugin"
  packages = ["."]
  pruneopts = ""
  revision = "e8d22c780116115ae5624720c9af0c97afe4f551"

[[projects]]
  branch = "master"
  digest = "1:9ed2bf445521b38a8c3d46a3ab18287ef0c4ebc1ec2f575d7794274f5cd88311"
  name = "github.com/hashicorp/yamux"
  packages = ["."]
  pruneopts = ""
  revision = "aecfd211c9ce5303cd19780c8fc96a01b42fa298"

[[projects]]
  digest = "1:040c78e2a456bb7bb0dfebf7d5f7cd229fbc991c440ff80dd8af90d3714dee70"
  name = "github.com/mattn/go-colorable"
  packages = ["."]
  pruneopts = ""
  revision = "2e1b0c1546e0173c0907cf05c67b8ba29ed8b4d1"
  version = "v0.1.8"

[[projects]]
  digest = "1:87fecb4f5564bd9bc810e4c83d4ac434fd17599edc7b35e27580c2cfc48cdb7c"
  name = "github.com/mattn/go-isatty"
  packages = ["."]
  pruneopts = ""
  revision = "7b513a986450394f7bbf1476909911b3aa3a55ce"
  version = "v0.0.12"

[[projects]]
  digest = "1:7fe7a8fc8e73eb84c85a4bb6ddcd6e16d7f72ab0f38c896ea95e0674f4acfd72"
  name = "github.com/mitchellh/go-testing-interface"
  packages = ["."]
  pruneopts = ""
  revision = "93f0c65740d3e21a23304be03030037f06e933ea"
  version = "v1.14.1"

[[projects]]
  digest = "1:396c2ed5c96e6934e3d4aae3c7843fd74010911e608614c9db83560e01226671"
  name = "github.com/oklog/run"
  packages = ["."]
  pruneopts = ""
  revision = "9c53bcd6fefd554246da88d55efcc283aff63659"
  version = "v1.1.0"

[[projects]]
  digest = "1:53fa3ae2aff8e77f4fd59fc37afdca49927c269b43acb9b477e7b5333308813e"
  name = "github.com/oracle/oci-go-sdk"
  packages = [
    "common",
    "common/auth",
    "identity",
    "monitoring",
  ]
  pruneopts = ""
  revision = "2e10e2a480882956ea101da0e590f17b51a81472"
  version = "v24.3.0"

[[projects]]
  digest = "1:1d7e1867c49a6dd9856598ef7c3123604ea3daabf5b83f303ff457bcbc410b1d"
  name = "github.com/pkg/errors"
  packages = ["."]
  pruneopts = ""
  revision = "ba968bfe8b2f7e042a574c888954fccecfa385b4"
  version = "v0.8.1"

[[projects]]
  branch = "master"
  digest = "1:d62380c64b72460879e53710b38bf6a00817d8989b7a68c20691d79766a23bfd"
  name = "golang.org/x/net"
  packages = [
    "context",
    "http/httpguts",
    "http2",
    "http2/hpack",
    "idna",
    "internal/timeseries",
    "trace",
  ]
  pruneopts = ""
  revision = "ac852fbbde11df194bfd5004603c7c8e117901f2"

[[projects]]
  branch = "master"
  digest = "1:dd4fc2813ebed2df3c7248ffca72531445b6f5b54b0e91039aad26442758cfeb"
  name = "golang.org/x/sys"
  packages = [
    "internal/unsafeheader",
    "unix",
  ]
  pruneopts = ""
  revision = "d4d67f95c62d573f21c7627795af8a6c2ab475a5"

[[projects]]
  digest = "1:fddc0a63dca46ccbb24699dad1f8a9ac28ebe295c8826f7c251cd86b385ebd39"
  name = "golang.org/x/text"
  packages = [
    "collate",
    "collate/build",
    "internal/colltab",
    "internal/gen",
    "internal/language",
    "internal/language/compact",
    "internal/tag",
    "internal/triegen",
    "internal/ucd",
    "language",
    "secure/bidirule",
    "transform",
    "unicode/bidi",
    "unicode/cldr",
    "unicode/norm",
    "unicode/rangetable",
  ]
  pruneopts = ""
  revision = "22f1617af38ed4cd65b3b96e02bab267e560155c"
  version = "v0.3.4"

[[projects]]
  branch = "master"
  digest = "1:6adff8e38c66473c5683be5ce750ed309e2f985b4a4a0f82139666b8b36e1531"
  name = "google.golang.org/genproto"
  packages = ["googleapis/rpc/status"]
  pruneopts = ""
  revision = "f92720507ed448d745918592ec42d583d5de8bb2"

[[projects]]
  digest = "1:712e704d919c5034c577fff26365f2f030214c18b479808f178ae994afef66ec"
  name = "google.golang.org/grpc"
  packages = [
    ".",
    "attributes",
    "backoff",
    "balancer",
    "balancer/base",
    "balancer/grpclb/state",
    "balancer/roundrobin",
    "binarylog/grpc_binarylog_v1",
    "codes",
    "connectivity",
    "credentials",
    "encoding",
    "encoding/proto",
    "grpclog",
    "health",
    "health/grpc_health_v1",
    "internal",
    "internal/backoff",
    "internal/balancerload",
    "internal/binarylog",
    "internal/buffer",
    "internal/channelz",
    "internal/credentials",
    "internal/envconfig",
    "internal/grpclog",
    "internal/grpcrand",
    "internal/grpcsync",
    "internal/grpcutil",
    "internal/resolver",
    "internal/resolver/dns",
    "internal/resolver/passthrough",
    "internal/resolver/unix",
    "internal/serviceconfig",
    "internal/status",
    "internal/syscall",
    "internal/transport",
    "internal/transport/networktype",
    "keepalive",
    "metadata",
    "peer",
    "resolver",
    "serviceconfig",
    "stats",
    "status",
    "tap",
  ]
  pruneopts = ""
  revision = "2cf12a82ed4381ce0b0f7d487ee2eca772ee18e3"
  version = "v1.34.0"

[[projects]]
  digest = "1:0d049ff01749ce1d6092c85cb90a02dfdb3b401939b13415b7e608f36bc8ecee"
  name = "google.golang.org/protobuf"
  packages = [
    "encoding/prototext",
    "encoding/protowire",
    "internal/descfmt",
    "internal/descopts",
    "internal/detrand",
    "internal/encoding/defval",
    "internal/encoding/messageset",
    "internal/encoding/tag",
    "internal/encoding/text",
    "internal/errors",
    "internal/fieldsort",
    "internal/filedesc",
    "internal/filetype",
    "internal/flags",
    "internal/genid",
    "internal/impl",
    "internal/mapsort",
    "internal/pragma",
    "internal/set",
    "internal/strs",
    "internal/version",
    "proto",
    "reflect/protoreflect",
    "reflect/protoregistry",
    "runtime/protoiface",
    "runtime/protoimpl",
    "types/known/anypb",
    "types/known/durationpb",
    "types/known/timestamppb",
  ]
  pruneopts = ""
  revision = "3f7a61f89bb6813f89d981d1870ed68da0b3c3f1"
  version = "v1.25.0"

[solve-meta]
  analyzer-name = "dep"
  analyzer-version = 1
  input-imports = [
    "github.com/davecgh/go-spew/spew",
    "github.com/grafana/grafana_plugin_model/go/datasource",
    "github.com/hashicorp/go-hclog",
    "github.com/hashicorp/go-plugin",
    "github.com/oracle/oci-go-sdk/common",
    "github.com/oracle/oci-go-sdk/common/auth",
    "github.com/oracle/oci-go-sdk/identity",
    "github.com/oracle/oci-go-sdk/monitoring",
    "github.com/pkg/errors",
  ]
  solver-name = "gps-cdcl"
  solver-version = 1
