# This file is autogenerated, do not edit; changes may be undone by the next 'dep ensure'.


[[projects]]
  digest = "1:0deddd908b6b4b768cfc272c16ee61e7088a60f7fe2f06c547bd3d8e1f8b8e77"
  name = "github.com/davecgh/go-spew"
  packages = ["spew"]
  pruneopts = ""
  revision = "8991bc29aa16c548c550c7ff78260e27b9ab7c73"
  version = "v1.1.1"

[[projects]]
  branch = "master"
  digest = "1:e7a63d1fca4abe974d91ed8c720fed05daec96d3de4e60af9deb931f5df55625"
  name = "github.com/golang/protobuf"
  packages = [
    "proto",
    "ptypes",
    "ptypes/any",
    "ptypes/duration",
    "ptypes/timestamp",
  ]
  pruneopts = ""
  revision = "1918e1ff6ffd2be7bed0553df8650672c3bfe80d"

[[projects]]
  branch = "renderer"
  digest = "1:73460e6eaa31824af444a895e5858175883c73b88acc8df767a115b78b578ddb"
  name = "github.com/grafana/grafana_plugin_model"
  packages = ["go/datasource"]
  pruneopts = ""
  revision = "84176c64269d8060f99e750ee8aba6f062753336"

[[projects]]
  branch = "master"
  digest = "1:3a69e25efed2066afab18f7dd44d5eb2192ce2c11eaffa327d15057e465a150a"
  name = "github.com/hashicorp/go-hclog"
  packages = ["."]
  pruneopts = ""
  revision = "61d530d6c27f994fb6c83b80f99a69c54125ec8a"

[[projects]]
  digest = "1:de20979176f5f326a028fd0d3698f4ec18f6921b46c9d68a35200355c6e8e6b9"
  name = "github.com/hashicorp/go-plugin"
  packages = ["."]
  pruneopts = ""
  revision = "e8d22c780116115ae5624720c9af0c97afe4f551"

[[projects]]
  branch = "master"
  digest = "1:f9a62feb8295380942889460d0008f9fc34c4ad288821efb2ec15168a91b3404"
  name = "github.com/hashicorp/yamux"
  packages = ["."]
  pruneopts = ""
  revision = "2f1d1f20f75d5404f53b9edf6b53ed5505508675"

[[projects]]
  digest = "1:9adf43f9a17af07a6d587e3b493e2111ad8e07283d5cd58e44e70d23bf6dc644"
  name = "github.com/mitchellh/go-testing-interface"
  packages = ["."]
  pruneopts = ""
  revision = "6d0b8010fcc857872e42fc6c931227569016843c"
  version = "v1.0.0"

[[projects]]
  digest = "1:94e9081cc450d2cdf4e6886fc2c06c07272f86477df2d74ee5931951fa3d2577"
  name = "github.com/oklog/run"
  packages = ["."]
  pruneopts = ""
  revision = "4dadeb3030eda0273a12382bb2348ffc7c9d1a39"
  version = "v1.0.0"

[[projects]]
  digest = "1:9ee08ab41d0ed0cd7be446956d671d85169e0bb02570cf69b8fc38f3c54815d6"
  name = "github.com/oracle/oci-go-sdk"
  packages = [
    "common",
    "common/auth",
    "identity",
    "monitoring",
  ]
  pruneopts = ""
  revision = "327d48bed5b580c9ae595d34257df86c05e358d5"
  version = "v24.1.0"

[[projects]]
  digest = "1:1d7e1867c49a6dd9856598ef7c3123604ea3daabf5b83f303ff457bcbc410b1d"
  name = "github.com/pkg/errors"
  packages = ["."]
  pruneopts = ""
  revision = "ba968bfe8b2f7e042a574c888954fccecfa385b4"
  version = "v0.8.1"

[[projects]]
  branch = "master"
  digest = "1:41055845ee2a3f0b0fbf94f12b7a6c5322ae66c166d192e38156e0d63a6e2993"
  name = "golang.org/x/net"
  packages = [
    "context",
    "http/httpguts",
    "http2",
    "http2/hpack",
    "idna",
    "internal/timeseries",
    "trace",
  ]
  pruneopts = ""
  revision = "c44066c5c816ec500d459a2a324a753f78531ae0"

[[projects]]
  branch = "master"
  digest = "1:ff65401e40494de90fddaecf09b2954179d872a45d9c68b9b31da60f35e4ea73"
  name = "golang.org/x/sys"
  packages = ["unix"]
  pruneopts = ""
  revision = "7e31e0c00fa05cb5fbf4347b585621d6709e19a4"

[[projects]]
  digest = "1:5acd3512b047305d49e8763eef7ba423901e85d5dd2fd1e71778a0ea8de10bd4"
  name = "golang.org/x/text"
  packages = [
    "collate",
    "collate/build",
    "internal/colltab",
    "internal/gen",
    "internal/tag",
    "internal/triegen",
    "internal/ucd",
    "language",
    "secure/bidirule",
    "transform",
    "unicode/bidi",
    "unicode/cldr",
    "unicode/norm",
    "unicode/rangetable",
  ]
  pruneopts = ""
  revision = "f21a4dfb5e38f5895301dc265a8def02365cc3d0"
  version = "v0.3.0"

[[projects]]
  branch = "master"
  digest = "1:5bc459e4630e2f2adcd04005a06d6f9cdf614c6ffa751309497096efcab79150"
  name = "google.golang.org/genproto"
  packages = ["googleapis/rpc/status"]
  pruneopts = ""
  revision = "b69ba1387ce2108ac9bc8e8e5e5a46e7d5c72313"

[[projects]]
  digest = "1:1293087271e314cfa2b3decededba2ecba0ff327e7b7809e00f73f616449191c"
  name = "google.golang.org/grpc"
  packages = [
    ".",
    "balancer",
    "balancer/base",
    "balancer/roundrobin",
    "codes",
    "connectivity",
    "credentials",
    "encoding",
    "encoding/proto",
    "grpclog",
    "health",
    "health/grpc_health_v1",
    "internal",
    "internal/backoff",
    "internal/channelz",
    "internal/envconfig",
    "internal/grpcrand",
    "internal/transport",
    "keepalive",
    "metadata",
    "naming",
    "peer",
    "resolver",
    "resolver/dns",
    "resolver/passthrough",
    "stats",
    "status",
    "tap",
  ]
  pruneopts = ""
  revision = "2e463a05d100327ca47ac218281906921038fd95"
  version = "v1.16.0"

[solve-meta]
  analyzer-name = "dep"
  analyzer-version = 1
  input-imports = [
    "github.com/davecgh/go-spew/spew",
    "github.com/grafana/grafana_plugin_model/go/datasource",
    "github.com/hashicorp/go-hclog",
    "github.com/hashicorp/go-plugin",
    "github.com/oracle/oci-go-sdk/common",
    "github.com/oracle/oci-go-sdk/common/auth",
    "github.com/oracle/oci-go-sdk/identity",
    "github.com/oracle/oci-go-sdk/monitoring",
    "github.com/pkg/errors",
  ]
  solver-name = "gps-cdcl"
  solver-version = 1
